
Microsoft Visual Studio Solution File, Format Version 12.00
# Visual Studio Version 17
VisualStudioVersion = 17.12.35707.178 d17.12
MinimumVisualStudioVersion = 10.0.40219.1
Project("{FAE04EC0-301F-11D3-BF4B-00C04F79EFBC}") = "Inventory.Api", "Inventory.Api\Inventory.Api.csproj", "{619EF922-3BAC-4A60-B3D2-479658F659F7}"
EndProject
Project("{FAE04EC0-301F-11D3-BF4B-00C04F79EFBC}") = "InventoryApp.Shared", "InventoryApp.Shared\InventoryApp.Shared.csproj", "{24B8EFC3-5E48-4965-843E-1236AE6224DF}"
EndProject
Project("{FAE04EC0-301F-11D3-BF4B-00C04F79EFBC}") = "InventoryApp.Web", "InventoryApp.Web\InventoryApp.Web.csproj", "{A65126D1-61AB-425C-BAE1-AA9962041BE7}"
EndProject
Global
	GlobalSection(SolutionConfigurationPlatforms) = preSolution
		Debug|Any CPU = Debug|Any CPU
		Release|Any CPU = Release|Any CPU
	EndGlobalSection
	GlobalSection(ProjectConfigurationPlatforms) = postSolution
		{619EF922-3BAC-4A60-B3D2-479658F659F7}.Debug|Any CPU.ActiveCfg = Debug|Any CPU
		{619EF922-3BAC-4A60-B3D2-479658F659F7}.Debug|Any CPU.Build.0 = Debug|Any CPU
		{619EF922-3BAC-4A60-B3D2-479658F659F7}.Release|Any CPU.ActiveCfg = Release|Any CPU
		{619EF922-3BAC-4A60-B3D2-479658F659F7}.Release|Any CPU.Build.0 = Release|Any CPU
		{24B8EFC3-5E48-4965-843E-1236AE6224DF}.Debug|Any CPU.ActiveCfg = Debug|Any CPU
		{24B8EFC3-5E48-4965-843E-1236AE6224DF}.Debug|Any CPU.Build.0 = Debug|Any CPU
		{24B8EFC3-5E48-4965-843E-1236AE6224DF}.Release|Any CPU.ActiveCfg = Release|Any CPU
		{24B8EFC3-5E48-4965-843E-1236AE6224DF}.Release|Any CPU.Build.0 = Release|Any CPU
		{A65126D1-61AB-425C-BAE1-AA9962041BE7}.Debug|Any CPU.ActiveCfg = Debug|Any CPU
		{A65126D1-61AB-425C-BAE1-AA9962041BE7}.Debug|Any CPU.Build.0 = Debug|Any CPU
		{A65126D1-61AB-425C-BAE1-AA9962041BE7}.Release|Any CPU.ActiveCfg = Release|Any CPU
		{A65126D1-61AB-425C-BAE1-AA9962041BE7}.Release|Any CPU.Build.0 = Release|Any CPU
	EndGlobalSection
	GlobalSection(SolutionProperties) = preSolution
		HideSolutionNode = FALSE
	EndGlobalSection
EndGlobal
